
Microsoft Visual Studio Solution File, Format Version 12.00
# Visual Studio Version 17
VisualStudioVersion = 17.1.32228.430
MinimumVisualStudioVersion = 10.0.40219.1
Project("{FAE04EC0-301F-11D3-BF4B-00C04F79EFBC}") = "sy7-4", "sy7-4\sy7-4.csproj", "{B14D8C67-E275-48A4-83C1-B8B0F1772EBC}"
EndProject
Global
	GlobalSection(SolutionConfigurationPlatforms) = preSolution
		Debug|Any CPU = Debug|Any CPU
		Release|Any CPU = Release|Any CPU
	EndGlobalSection
	GlobalSection(ProjectConfigurationPlatforms) = postSolution
		{B14D8C67-E275-48A4-83C1-B8B0F1772EBC}.Debug|Any CPU.ActiveCfg = Debug|Any CPU
		{B14D8C67-E275-48A4-83C1-B8B0F1772EBC}.Debug|Any CPU.Build.0 = Debug|Any CPU
		{B14D8C67-E275-48A4-83C1-B8B0F1772EBC}.Release|Any CPU.ActiveCfg = Release|Any CPU
		{B14D8C67-E275-48A4-83C1-B8B0F1772EBC}.Release|Any CPU.Build.0 = Release|Any CPU
	EndGlobalSection
	GlobalSection(SolutionProperties) = preSolution
		HideSolutionNode = FALSE
	EndGlobalSection
	GlobalSection(ExtensibilityGlobals) = postSolution
		SolutionGuid = {354CA602-B399-4033-92F8-46EEE8E4673E}
	EndGlobalSection
EndGlobal
