
Microsoft Visual Studio Solution File, Format Version 12.00
# Visual Studio Version 17
VisualStudioVersion = 17.1.32228.430
MinimumVisualStudioVersion = 10.0.40219.1
Project("{FAE04EC0-301F-11D3-BF4B-00C04F79EFBC}") = "sy7-3", "sy7-3\sy7-3.csproj", "{EC6D7916-38F8-47B0-9F5B-AE7D6B3F692A}"
EndProject
Global
	GlobalSection(SolutionConfigurationPlatforms) = preSolution
		Debug|Any CPU = Debug|Any CPU
		Release|Any CPU = Release|Any CPU
	EndGlobalSection
	GlobalSection(ProjectConfigurationPlatforms) = postSolution
		{EC6D7916-38F8-47B0-9F5B-AE7D6B3F692A}.Debug|Any CPU.ActiveCfg = Debug|Any CPU
		{EC6D7916-38F8-47B0-9F5B-AE7D6B3F692A}.Debug|Any CPU.Build.0 = Debug|Any CPU
		{EC6D7916-38F8-47B0-9F5B-AE7D6B3F692A}.Release|Any CPU.ActiveCfg = Release|Any CPU
		{EC6D7916-38F8-47B0-9F5B-AE7D6B3F692A}.Release|Any CPU.Build.0 = Release|Any CPU
	EndGlobalSection
	GlobalSection(SolutionProperties) = preSolution
		HideSolutionNode = FALSE
	EndGlobalSection
	GlobalSection(ExtensibilityGlobals) = postSolution
		SolutionGuid = {149067C3-FECC-41C2-8F12-8D44C2573F86}
	EndGlobalSection
EndGlobal
