
Microsoft Visual Studio Solution File, Format Version 12.00
# Visual Studio Version 17
VisualStudioVersion = 17.1.32228.430
MinimumVisualStudioVersion = 10.0.40219.1
Project("{FAE04EC0-301F-11D3-BF4B-00C04F79EFBC}") = "sy9-1", "sy9-1\sy9-1.csproj", "{5C1AD9A2-B6FA-45F6-B4B0-B8FD35A618FC}"
EndProject
Global
	GlobalSection(SolutionConfigurationPlatforms) = preSolution
		Debug|Any CPU = Debug|Any CPU
		Release|Any CPU = Release|Any CPU
	EndGlobalSection
	GlobalSection(ProjectConfigurationPlatforms) = postSolution
		{5C1AD9A2-B6FA-45F6-B4B0-B8FD35A618FC}.Debug|Any CPU.ActiveCfg = Debug|Any CPU
		{5C1AD9A2-B6FA-45F6-B4B0-B8FD35A618FC}.Debug|Any CPU.Build.0 = Debug|Any CPU
		{5C1AD9A2-B6FA-45F6-B4B0-B8FD35A618FC}.Release|Any CPU.ActiveCfg = Release|Any CPU
		{5C1AD9A2-B6FA-45F6-B4B0-B8FD35A618FC}.Release|Any CPU.Build.0 = Release|Any CPU
	EndGlobalSection
	GlobalSection(SolutionProperties) = preSolution
		HideSolutionNode = FALSE
	EndGlobalSection
	GlobalSection(ExtensibilityGlobals) = postSolution
		SolutionGuid = {ACA6CE6B-027F-45C2-9EC5-199A72805C66}
	EndGlobalSection
EndGlobal
