
Microsoft Visual Studio Solution File, Format Version 11.00
# Visual Studio 2010
Project("{FAE04EC0-301F-11D3-BF4B-00C04F79EFBC}") = "Exe6", "Exe6\Exe6.csproj", "{3C803BDD-4CEA-4971-8AFF-314A115E5591}"
EndProject
Global
	GlobalSection(SolutionConfigurationPlatforms) = preSolution
		Debug|x86 = Debug|x86
		Release|x86 = Release|x86
	EndGlobalSection
	GlobalSection(ProjectConfigurationPlatforms) = postSolution
		{3C803BDD-4CEA-4971-8AFF-314A115E5591}.Debug|x86.ActiveCfg = Debug|x86
		{3C803BDD-4CEA-4971-8AFF-314A115E5591}.Debug|x86.Build.0 = Debug|x86
		{3C803BDD-4CEA-4971-8AFF-314A115E5591}.Release|x86.ActiveCfg = Release|x86
		{3C803BDD-4CEA-4971-8AFF-314A115E5591}.Release|x86.Build.0 = Release|x86
	EndGlobalSection
	GlobalSection(SolutionProperties) = preSolution
		HideSolutionNode = FALSE
	EndGlobalSection
EndGlobal
