
Microsoft Visual Studio Solution File, Format Version 12.00
# Visual Studio Version 17
VisualStudioVersion = 17.1.32228.430
MinimumVisualStudioVersion = 10.0.40219.1
Project("{FAE04EC0-301F-11D3-BF4B-00C04F79EFBC}") = "Notepad", "Notepad\Notepad.csproj", "{E696ABA4-4F04-4951-905C-0C0C610C2501}"
EndProject
Global
	GlobalSection(SolutionConfigurationPlatforms) = preSolution
		Debug|Any CPU = Debug|Any CPU
		Release|Any CPU = Release|Any CPU
	EndGlobalSection
	GlobalSection(ProjectConfigurationPlatforms) = postSolution
		{E696ABA4-4F04-4951-905C-0C0C610C2501}.Debug|Any CPU.ActiveCfg = Debug|Any CPU
		{E696ABA4-4F04-4951-905C-0C0C610C2501}.Debug|Any CPU.Build.0 = Debug|Any CPU
		{E696ABA4-4F04-4951-905C-0C0C610C2501}.Release|Any CPU.ActiveCfg = Release|Any CPU
		{E696ABA4-4F04-4951-905C-0C0C610C2501}.Release|Any CPU.Build.0 = Release|Any CPU
	EndGlobalSection
	GlobalSection(SolutionProperties) = preSolution
		HideSolutionNode = FALSE
	EndGlobalSection
	GlobalSection(ExtensibilityGlobals) = postSolution
		SolutionGuid = {5E523B4F-F549-4037-B491-ABBE9C93664F}
	EndGlobalSection
EndGlobal
