
Microsoft Visual Studio Solution File, Format Version 12.00
# Visual Studio Version 17
VisualStudioVersion = 17.1.32228.430
MinimumVisualStudioVersion = 10.0.40219.1
Project("{FAE04EC0-301F-11D3-BF4B-00C04F79EFBC}") = "sy5-3", "sy5-3\sy5-3.csproj", "{1824E467-E3FA-4DB6-A87B-E5D1D8AB62DB}"
EndProject
Global
	GlobalSection(SolutionConfigurationPlatforms) = preSolution
		Debug|Any CPU = Debug|Any CPU
		Release|Any CPU = Release|Any CPU
	EndGlobalSection
	GlobalSection(ProjectConfigurationPlatforms) = postSolution
		{1824E467-E3FA-4DB6-A87B-E5D1D8AB62DB}.Debug|Any CPU.ActiveCfg = Debug|Any CPU
		{1824E467-E3FA-4DB6-A87B-E5D1D8AB62DB}.Debug|Any CPU.Build.0 = Debug|Any CPU
		{1824E467-E3FA-4DB6-A87B-E5D1D8AB62DB}.Release|Any CPU.ActiveCfg = Release|Any CPU
		{1824E467-E3FA-4DB6-A87B-E5D1D8AB62DB}.Release|Any CPU.Build.0 = Release|Any CPU
	EndGlobalSection
	GlobalSection(SolutionProperties) = preSolution
		HideSolutionNode = FALSE
	EndGlobalSection
	GlobalSection(ExtensibilityGlobals) = postSolution
		SolutionGuid = {8ECAA2F0-801F-4AE8-B64A-A7EE15DA29EE}
	EndGlobalSection
EndGlobal
