
Microsoft Visual Studio Solution File, Format Version 11.00
# Visual Studio 2010
Project("{FAE04EC0-301F-11D3-BF4B-00C04F79EFBC}") = "Ex6_3", "Ex6_3\Ex6_3.csproj", "{38157B33-AA4C-404A-83E5-C088DCB08EC1}"
EndProject
Global
	GlobalSection(SolutionConfigurationPlatforms) = preSolution
		Debug|x86 = Debug|x86
		Release|x86 = Release|x86
	EndGlobalSection
	GlobalSection(ProjectConfigurationPlatforms) = postSolution
		{38157B33-AA4C-404A-83E5-C088DCB08EC1}.Debug|x86.ActiveCfg = Debug|x86
		{38157B33-AA4C-404A-83E5-C088DCB08EC1}.Debug|x86.Build.0 = Debug|x86
		{38157B33-AA4C-404A-83E5-C088DCB08EC1}.Release|x86.ActiveCfg = Release|x86
		{38157B33-AA4C-404A-83E5-C088DCB08EC1}.Release|x86.Build.0 = Release|x86
	EndGlobalSection
	GlobalSection(SolutionProperties) = preSolution
		HideSolutionNode = FALSE
	EndGlobalSection
EndGlobal
