
Microsoft Visual Studio Solution File, Format Version 11.00
# Visual Studio 2010
Project("{FAE04EC0-301F-11D3-BF4B-00C04F79EFBC}") = "CollectionsExample", "CollectionsExample\CollectionsExample.csproj", "{DDCC8A48-7E27-42A9-A411-FE9C675EB4BD}"
EndProject
Global
	GlobalSection(SolutionConfigurationPlatforms) = preSolution
		Debug|x86 = Debug|x86
		Release|x86 = Release|x86
	EndGlobalSection
	GlobalSection(ProjectConfigurationPlatforms) = postSolution
		{DDCC8A48-7E27-42A9-A411-FE9C675EB4BD}.Debug|x86.ActiveCfg = Debug|x86
		{DDCC8A48-7E27-42A9-A411-FE9C675EB4BD}.Debug|x86.Build.0 = Debug|x86
		{DDCC8A48-7E27-42A9-A411-FE9C675EB4BD}.Release|x86.ActiveCfg = Release|x86
		{DDCC8A48-7E27-42A9-A411-FE9C675EB4BD}.Release|x86.Build.0 = Release|x86
	EndGlobalSection
	GlobalSection(SolutionProperties) = preSolution
		HideSolutionNode = FALSE
	EndGlobalSection
EndGlobal
