
Microsoft Visual Studio Solution File, Format Version 11.00
# Visual Studio 2010
Project("{FAE04EC0-301F-11D3-BF4B-00C04F79EFBC}") = "Ex5_4", "Ex5_4\Ex5_4.csproj", "{B7698FAD-429E-496F-BF7E-F60DE8DF2085}"
EndProject
Global
	GlobalSection(SolutionConfigurationPlatforms) = preSolution
		Debug|x86 = Debug|x86
		Release|x86 = Release|x86
	EndGlobalSection
	GlobalSection(ProjectConfigurationPlatforms) = postSolution
		{B7698FAD-429E-496F-BF7E-F60DE8DF2085}.Debug|x86.ActiveCfg = Debug|x86
		{B7698FAD-429E-496F-BF7E-F60DE8DF2085}.Debug|x86.Build.0 = Debug|x86
		{B7698FAD-429E-496F-BF7E-F60DE8DF2085}.Release|x86.ActiveCfg = Release|x86
		{B7698FAD-429E-496F-BF7E-F60DE8DF2085}.Release|x86.Build.0 = Release|x86
	EndGlobalSection
	GlobalSection(SolutionProperties) = preSolution
		HideSolutionNode = FALSE
	EndGlobalSection
EndGlobal
