
Microsoft Visual Studio Solution File, Format Version 12.00
# Visual Studio Version 17
VisualStudioVersion = 17.1.32228.430
MinimumVisualStudioVersion = 10.0.40219.1
Project("{FAE04EC0-301F-11D3-BF4B-00C04F79EFBC}") = "sy5-4", "sy5-4\sy5-4.csproj", "{3B518905-3430-4D10-A87B-C9BCB1A0AFAF}"
EndProject
Global
	GlobalSection(SolutionConfigurationPlatforms) = preSolution
		Debug|Any CPU = Debug|Any CPU
		Release|Any CPU = Release|Any CPU
	EndGlobalSection
	GlobalSection(ProjectConfigurationPlatforms) = postSolution
		{3B518905-3430-4D10-A87B-C9BCB1A0AFAF}.Debug|Any CPU.ActiveCfg = Debug|Any CPU
		{3B518905-3430-4D10-A87B-C9BCB1A0AFAF}.Debug|Any CPU.Build.0 = Debug|Any CPU
		{3B518905-3430-4D10-A87B-C9BCB1A0AFAF}.Release|Any CPU.ActiveCfg = Release|Any CPU
		{3B518905-3430-4D10-A87B-C9BCB1A0AFAF}.Release|Any CPU.Build.0 = Release|Any CPU
	EndGlobalSection
	GlobalSection(SolutionProperties) = preSolution
		HideSolutionNode = FALSE
	EndGlobalSection
	GlobalSection(ExtensibilityGlobals) = postSolution
		SolutionGuid = {A59AC4A7-DE26-4591-8DC6-B49DD8E50EA7}
	EndGlobalSection
EndGlobal
