
Microsoft Visual Studio Solution File, Format Version 12.00
# Visual Studio Version 17
VisualStudioVersion = 17.1.32228.430
MinimumVisualStudioVersion = 10.0.40219.1
Project("{FAE04EC0-301F-11D3-BF4B-00C04F79EFBC}") = "sy6-2", "sy6-2\sy6-2.csproj", "{AC1A6A1F-147F-4CB6-8F2F-E9C9DEBC2D10}"
EndProject
Global
	GlobalSection(SolutionConfigurationPlatforms) = preSolution
		Debug|Any CPU = Debug|Any CPU
		Release|Any CPU = Release|Any CPU
	EndGlobalSection
	GlobalSection(ProjectConfigurationPlatforms) = postSolution
		{AC1A6A1F-147F-4CB6-8F2F-E9C9DEBC2D10}.Debug|Any CPU.ActiveCfg = Debug|Any CPU
		{AC1A6A1F-147F-4CB6-8F2F-E9C9DEBC2D10}.Debug|Any CPU.Build.0 = Debug|Any CPU
		{AC1A6A1F-147F-4CB6-8F2F-E9C9DEBC2D10}.Release|Any CPU.ActiveCfg = Release|Any CPU
		{AC1A6A1F-147F-4CB6-8F2F-E9C9DEBC2D10}.Release|Any CPU.Build.0 = Release|Any CPU
	EndGlobalSection
	GlobalSection(SolutionProperties) = preSolution
		HideSolutionNode = FALSE
	EndGlobalSection
	GlobalSection(ExtensibilityGlobals) = postSolution
		SolutionGuid = {5747CB28-F328-434E-A467-0EAA41FFEF94}
	EndGlobalSection
EndGlobal
