
Microsoft Visual Studio Solution File, Format Version 11.00
# Visual Studio 2010
Project("{FAE04EC0-301F-11D3-BF4B-00C04F79EFBC}") = "Ex3_14", "Ex3_14\Ex3_14.csproj", "{FA54BF66-EC80-4DC7-A1D1-ED491BA3ADB7}"
EndProject
Global
	GlobalSection(SolutionConfigurationPlatforms) = preSolution
		Debug|x86 = Debug|x86
		Release|x86 = Release|x86
	EndGlobalSection
	GlobalSection(ProjectConfigurationPlatforms) = postSolution
		{FA54BF66-EC80-4DC7-A1D1-ED491BA3ADB7}.Debug|x86.ActiveCfg = Debug|x86
		{FA54BF66-EC80-4DC7-A1D1-ED491BA3ADB7}.Debug|x86.Build.0 = Debug|x86
		{FA54BF66-EC80-4DC7-A1D1-ED491BA3ADB7}.Release|x86.ActiveCfg = Release|x86
		{FA54BF66-EC80-4DC7-A1D1-ED491BA3ADB7}.Release|x86.Build.0 = Release|x86
	EndGlobalSection
	GlobalSection(SolutionProperties) = preSolution
		HideSolutionNode = FALSE
	EndGlobalSection
EndGlobal
